
Microsoft Visual Studio Solution File, Format Version 12.00
# Visual Studio Version 16
VisualStudioVersion = 16.0.31313.79
MinimumVisualStudioVersion = 10.0.40219.1
Project("{FAE04EC0-301F-11D3-BF4B-00C04F79EFBC}") = "Prashanthi-Task", "Prashanthi-Task.csproj", "{B747926D-AF9C-4ED8-8D96-40F588F3FDB0}"
EndProject
Global
	GlobalSection(SolutionConfigurationPlatforms) = preSolution
		Debug|Any CPU = Debug|Any CPU
		Release|Any CPU = Release|Any CPU
	EndGlobalSection
	GlobalSection(ProjectConfigurationPlatforms) = postSolution
		{B747926D-AF9C-4ED8-8D96-40F588F3FDB0}.Debug|Any CPU.ActiveCfg = Debug|Any CPU
		{B747926D-AF9C-4ED8-8D96-40F588F3FDB0}.Debug|Any CPU.Build.0 = Debug|Any CPU
		{B747926D-AF9C-4ED8-8D96-40F588F3FDB0}.Release|Any CPU.ActiveCfg = Release|Any CPU
		{B747926D-AF9C-4ED8-8D96-40F588F3FDB0}.Release|Any CPU.Build.0 = Release|Any CPU
	EndGlobalSection
	GlobalSection(SolutionProperties) = preSolution
		HideSolutionNode = FALSE
	EndGlobalSection
	GlobalSection(ExtensibilityGlobals) = postSolution
		SolutionGuid = {FEB9E6D5-D7EC-4407-B647-6F1A03626D4A}
	EndGlobalSection
EndGlobal
